
Microsoft Visual Studio Solution File, Format Version 12.00
# Visual Studio 14
VisualStudioVersion = 14.0.25420.1
MinimumVisualStudioVersion = 10.0.40219.1
Project("{FAE04EC0-301F-11D3-BF4B-00C04F79EFBC}") = "1_id_tokens", "id_tokens\1_id_tokens.csproj", "{104B2540-1F77-4216-B801-428AE970F9C9}"
EndProject
Project("{FAE04EC0-301F-11D3-BF4B-00C04F79EFBC}") = "2_oidc_client", "oidc_client\2_oidc_client.csproj", "{2BFE018E-4466-4508-9EA4-62207C9DCA4A}"
EndProject
Project("{FAE04EC0-301F-11D3-BF4B-00C04F79EFBC}") = "3_token_manager", "token_manager\3_token_manager.csproj", "{497EDFC0-C461-4D52-AC7C-38A4D3645D5F}"
EndProject
Project("{2150E333-8FDC-42A3-9474-1A3956D46DE8}") = "Solution Items", "Solution Items", "{49313340-CF35-4AF5-AFCE-4C13D3E111E7}"
	ProjectSection(SolutionItems) = preProject
		.gitattributes = .gitattributes
		.gitignore = .gitignore
	EndProjectSection
EndProject
Global
	GlobalSection(SolutionConfigurationPlatforms) = preSolution
		Debug|Any CPU = Debug|Any CPU
		Release|Any CPU = Release|Any CPU
	EndGlobalSection
	GlobalSection(ProjectConfigurationPlatforms) = postSolution
		{104B2540-1F77-4216-B801-428AE970F9C9}.Debug|Any CPU.ActiveCfg = Debug|Any CPU
		{104B2540-1F77-4216-B801-428AE970F9C9}.Debug|Any CPU.Build.0 = Debug|Any CPU
		{104B2540-1F77-4216-B801-428AE970F9C9}.Release|Any CPU.ActiveCfg = Release|Any CPU
		{104B2540-1F77-4216-B801-428AE970F9C9}.Release|Any CPU.Build.0 = Release|Any CPU
		{2BFE018E-4466-4508-9EA4-62207C9DCA4A}.Debug|Any CPU.ActiveCfg = Debug|Any CPU
		{2BFE018E-4466-4508-9EA4-62207C9DCA4A}.Debug|Any CPU.Build.0 = Debug|Any CPU
		{2BFE018E-4466-4508-9EA4-62207C9DCA4A}.Release|Any CPU.ActiveCfg = Release|Any CPU
		{2BFE018E-4466-4508-9EA4-62207C9DCA4A}.Release|Any CPU.Build.0 = Release|Any CPU
		{497EDFC0-C461-4D52-AC7C-38A4D3645D5F}.Debug|Any CPU.ActiveCfg = Debug|Any CPU
		{497EDFC0-C461-4D52-AC7C-38A4D3645D5F}.Debug|Any CPU.Build.0 = Debug|Any CPU
		{497EDFC0-C461-4D52-AC7C-38A4D3645D5F}.Release|Any CPU.ActiveCfg = Release|Any CPU
		{497EDFC0-C461-4D52-AC7C-38A4D3645D5F}.Release|Any CPU.Build.0 = Release|Any CPU
	EndGlobalSection
	GlobalSection(SolutionProperties) = preSolution
		HideSolutionNode = FALSE
	EndGlobalSection
EndGlobal
